
Microsoft Visual Studio Solution File, Format Version 12.00
# Visual Studio Version 17
VisualStudioVersion = 17.9.34728.123
MinimumVisualStudioVersion = 10.0.40219.1
Project("{FAE04EC0-301F-11D3-BF4B-00C04F79EFBC}") = "L_07_03", "L_07_03.csproj", "{0853B49C-B1DB-48E8-A2E9-D332C005FCFB}"
EndProject
Global
	GlobalSection(SolutionConfigurationPlatforms) = preSolution
		Debug|Any CPU = Debug|Any CPU
		Release|Any CPU = Release|Any CPU
	EndGlobalSection
	GlobalSection(ProjectConfigurationPlatforms) = postSolution
		{0853B49C-B1DB-48E8-A2E9-D332C005FCFB}.Debug|Any CPU.ActiveCfg = Debug|Any CPU
		{0853B49C-B1DB-48E8-A2E9-D332C005FCFB}.Debug|Any CPU.Build.0 = Debug|Any CPU
		{0853B49C-B1DB-48E8-A2E9-D332C005FCFB}.Release|Any CPU.ActiveCfg = Release|Any CPU
		{0853B49C-B1DB-48E8-A2E9-D332C005FCFB}.Release|Any CPU.Build.0 = Release|Any CPU
	EndGlobalSection
	GlobalSection(SolutionProperties) = preSolution
		HideSolutionNode = FALSE
	EndGlobalSection
	GlobalSection(ExtensibilityGlobals) = postSolution
		SolutionGuid = {3BABAF63-44DC-43B7-99EF-F93A6589EC76}
	EndGlobalSection
EndGlobal
