
Microsoft Visual Studio Solution File, Format Version 12.00
# Visual Studio Version 17
VisualStudioVersion = 17.9.34728.123
MinimumVisualStudioVersion = 10.0.40219.1
Project("{FAE04EC0-301F-11D3-BF4B-00C04F79EFBC}") = "L_11", "L_11.csproj", "{8845D945-CF58-43EF-9370-CDBDD7AC6279}"
EndProject
Global
	GlobalSection(SolutionConfigurationPlatforms) = preSolution
		Debug|Any CPU = Debug|Any CPU
		Release|Any CPU = Release|Any CPU
	EndGlobalSection
	GlobalSection(ProjectConfigurationPlatforms) = postSolution
		{8845D945-CF58-43EF-9370-CDBDD7AC6279}.Debug|Any CPU.ActiveCfg = Debug|Any CPU
		{8845D945-CF58-43EF-9370-CDBDD7AC6279}.Debug|Any CPU.Build.0 = Debug|Any CPU
		{8845D945-CF58-43EF-9370-CDBDD7AC6279}.Release|Any CPU.ActiveCfg = Release|Any CPU
		{8845D945-CF58-43EF-9370-CDBDD7AC6279}.Release|Any CPU.Build.0 = Release|Any CPU
	EndGlobalSection
	GlobalSection(SolutionProperties) = preSolution
		HideSolutionNode = FALSE
	EndGlobalSection
	GlobalSection(ExtensibilityGlobals) = postSolution
		SolutionGuid = {FE5EEDA9-6B10-4050-89E5-3AC3AFC709ED}
	EndGlobalSection
EndGlobal
