
Microsoft Visual Studio Solution File, Format Version 12.00
# Visual Studio Version 17
VisualStudioVersion = 17.9.34728.123
MinimumVisualStudioVersion = 10.0.40219.1
Project("{FAE04EC0-301F-11D3-BF4B-00C04F79EFBC}") = "L_08_01", "L_08_01.csproj", "{53904280-087B-418C-B194-2DE84E03020B}"
EndProject
Global
	GlobalSection(SolutionConfigurationPlatforms) = preSolution
		Debug|Any CPU = Debug|Any CPU
		Release|Any CPU = Release|Any CPU
	EndGlobalSection
	GlobalSection(ProjectConfigurationPlatforms) = postSolution
		{53904280-087B-418C-B194-2DE84E03020B}.Debug|Any CPU.ActiveCfg = Debug|Any CPU
		{53904280-087B-418C-B194-2DE84E03020B}.Debug|Any CPU.Build.0 = Debug|Any CPU
		{53904280-087B-418C-B194-2DE84E03020B}.Release|Any CPU.ActiveCfg = Release|Any CPU
		{53904280-087B-418C-B194-2DE84E03020B}.Release|Any CPU.Build.0 = Release|Any CPU
	EndGlobalSection
	GlobalSection(SolutionProperties) = preSolution
		HideSolutionNode = FALSE
	EndGlobalSection
	GlobalSection(ExtensibilityGlobals) = postSolution
		SolutionGuid = {83B9BB16-790E-4433-AAE2-4CDB70FBBA47}
	EndGlobalSection
EndGlobal
