
Microsoft Visual Studio Solution File, Format Version 12.00
# Visual Studio Version 17
VisualStudioVersion = 17.9.34728.123
MinimumVisualStudioVersion = 10.0.40219.1
Project("{FAE04EC0-301F-11D3-BF4B-00C04F79EFBC}") = "Lesson_01", "Lesson_01.csproj", "{8FB0FB2C-2145-4DBD-9DCF-2940BD5463DA}"
EndProject
Global
	GlobalSection(SolutionConfigurationPlatforms) = preSolution
		Debug|Any CPU = Debug|Any CPU
		Release|Any CPU = Release|Any CPU
	EndGlobalSection
	GlobalSection(ProjectConfigurationPlatforms) = postSolution
		{8FB0FB2C-2145-4DBD-9DCF-2940BD5463DA}.Debug|Any CPU.ActiveCfg = Debug|Any CPU
		{8FB0FB2C-2145-4DBD-9DCF-2940BD5463DA}.Debug|Any CPU.Build.0 = Debug|Any CPU
		{8FB0FB2C-2145-4DBD-9DCF-2940BD5463DA}.Release|Any CPU.ActiveCfg = Release|Any CPU
		{8FB0FB2C-2145-4DBD-9DCF-2940BD5463DA}.Release|Any CPU.Build.0 = Release|Any CPU
	EndGlobalSection
	GlobalSection(SolutionProperties) = preSolution
		HideSolutionNode = FALSE
	EndGlobalSection
	GlobalSection(ExtensibilityGlobals) = postSolution
		SolutionGuid = {BA73FBFB-48EF-4ECC-B013-377214476CBC}
	EndGlobalSection
EndGlobal
