
Microsoft Visual Studio Solution File, Format Version 12.00
# Visual Studio Version 17
VisualStudioVersion = 17.9.34728.123
MinimumVisualStudioVersion = 10.0.40219.1
Project("{FAE04EC0-301F-11D3-BF4B-00C04F79EFBC}") = "L_06_02", "L_06_02.csproj", "{F3CED225-EA7E-442B-BA53-DA2BF2F0A1EE}"
EndProject
Global
	GlobalSection(SolutionConfigurationPlatforms) = preSolution
		Debug|Any CPU = Debug|Any CPU
		Release|Any CPU = Release|Any CPU
	EndGlobalSection
	GlobalSection(ProjectConfigurationPlatforms) = postSolution
		{F3CED225-EA7E-442B-BA53-DA2BF2F0A1EE}.Debug|Any CPU.ActiveCfg = Debug|Any CPU
		{F3CED225-EA7E-442B-BA53-DA2BF2F0A1EE}.Debug|Any CPU.Build.0 = Debug|Any CPU
		{F3CED225-EA7E-442B-BA53-DA2BF2F0A1EE}.Release|Any CPU.ActiveCfg = Release|Any CPU
		{F3CED225-EA7E-442B-BA53-DA2BF2F0A1EE}.Release|Any CPU.Build.0 = Release|Any CPU
	EndGlobalSection
	GlobalSection(SolutionProperties) = preSolution
		HideSolutionNode = FALSE
	EndGlobalSection
	GlobalSection(ExtensibilityGlobals) = postSolution
		SolutionGuid = {7BA7D639-F099-496C-856E-54359167B484}
	EndGlobalSection
EndGlobal
